
Microsoft Visual Studio Solution File, Format Version 12.00
# Visual Studio Version 17
VisualStudioVersion = 17.8.34525.116
MinimumVisualStudioVersion = 10.0.40219.1
Project("{FAE04EC0-301F-11D3-BF4B-00C04F79EFBC}") = "HelloWorldOrleansAFPE", "HelloWorldOrleansAFPE.csproj", "{C8CE3531-92B8-4A86-891B-B4B90549F6E6}"
EndProject
Global
	GlobalSection(SolutionConfigurationPlatforms) = preSolution
		Debug|Any CPU = Debug|Any CPU
		Release|Any CPU = Release|Any CPU
	EndGlobalSection
	GlobalSection(ProjectConfigurationPlatforms) = postSolution
		{C8CE3531-92B8-4A86-891B-B4B90549F6E6}.Debug|Any CPU.ActiveCfg = Debug|Any CPU
		{C8CE3531-92B8-4A86-891B-B4B90549F6E6}.Debug|Any CPU.Build.0 = Debug|Any CPU
		{C8CE3531-92B8-4A86-891B-B4B90549F6E6}.Release|Any CPU.ActiveCfg = Release|Any CPU
		{C8CE3531-92B8-4A86-891B-B4B90549F6E6}.Release|Any CPU.Build.0 = Release|Any CPU
	EndGlobalSection
	GlobalSection(SolutionProperties) = preSolution
		HideSolutionNode = FALSE
	EndGlobalSection
	GlobalSection(ExtensibilityGlobals) = postSolution
		SolutionGuid = {D7BEF5BA-F76E-4503-AAC8-EB9325EF87AE}
	EndGlobalSection
EndGlobal
